
Microsoft Visual Studio Solution File, Format Version 12.00
# Visual Studio Version 17
VisualStudioVersion = 17.4.33213.308
MinimumVisualStudioVersion = 10.0.40219.1
Project("{9A19103F-16F7-4668-BE54-9A1E7A4F7556}") = "DripChip", "DripChip\DripChip.csproj", "{FC32188F-07FD-41F5-9A84-9EAD957803E5}"
EndProject
Project("{FAE04EC0-301F-11D3-BF4B-00C04F79EFBC}") = "TestProject", "TestProject\TestProject.csproj", "{AB683DA8-74EB-4EB9-8A7F-DE93A51B0D3A}"
EndProject
Global
	GlobalSection(SolutionConfigurationPlatforms) = preSolution
		Debug|Any CPU = Debug|Any CPU
		Release|Any CPU = Release|Any CPU
	EndGlobalSection
	GlobalSection(ProjectConfigurationPlatforms) = postSolution
		{FC32188F-07FD-41F5-9A84-9EAD957803E5}.Debug|Any CPU.ActiveCfg = Debug|Any CPU
		{FC32188F-07FD-41F5-9A84-9EAD957803E5}.Debug|Any CPU.Build.0 = Debug|Any CPU
		{FC32188F-07FD-41F5-9A84-9EAD957803E5}.Release|Any CPU.ActiveCfg = Release|Any CPU
		{FC32188F-07FD-41F5-9A84-9EAD957803E5}.Release|Any CPU.Build.0 = Release|Any CPU
		{AB683DA8-74EB-4EB9-8A7F-DE93A51B0D3A}.Debug|Any CPU.ActiveCfg = Debug|Any CPU
		{AB683DA8-74EB-4EB9-8A7F-DE93A51B0D3A}.Debug|Any CPU.Build.0 = Debug|Any CPU
		{AB683DA8-74EB-4EB9-8A7F-DE93A51B0D3A}.Release|Any CPU.ActiveCfg = Release|Any CPU
		{AB683DA8-74EB-4EB9-8A7F-DE93A51B0D3A}.Release|Any CPU.Build.0 = Release|Any CPU
	EndGlobalSection
	GlobalSection(SolutionProperties) = preSolution
		HideSolutionNode = FALSE
	EndGlobalSection
	GlobalSection(ExtensibilityGlobals) = postSolution
		SolutionGuid = {9185433D-E0BD-4EF1-A9FC-1827C82D09DB}
	EndGlobalSection
EndGlobal
